
Microsoft Visual Studio Solution File, Format Version 12.00
# Visual Studio Version 16
VisualStudioVersion = 16.0.31624.102
MinimumVisualStudioVersion = 10.0.40219.1
Project("{FAE04EC0-301F-11D3-BF4B-00C04F79EFBC}") = "The_strength_of_passwords", "The_strength_of_passwords\The_strength_of_passwords.csproj", "{1C75E934-5A29-4DD0-AB57-EE4554312319}"
EndProject
Project("{54435603-DBB4-11D2-8724-00A0C9A8B90C}") = "CastlePassword", "CastlePassword\CastlePassword.vdproj", "{87CBFAAF-FD7F-436C-BE01-3491019530AA}"
EndProject
Global
	GlobalSection(SolutionConfigurationPlatforms) = preSolution
		Debug|Any CPU = Debug|Any CPU
		Release|Any CPU = Release|Any CPU
	EndGlobalSection
	GlobalSection(ProjectConfigurationPlatforms) = postSolution
		{1C75E934-5A29-4DD0-AB57-EE4554312319}.Debug|Any CPU.ActiveCfg = Debug|Any CPU
		{1C75E934-5A29-4DD0-AB57-EE4554312319}.Debug|Any CPU.Build.0 = Debug|Any CPU
		{1C75E934-5A29-4DD0-AB57-EE4554312319}.Release|Any CPU.ActiveCfg = Release|Any CPU
		{1C75E934-5A29-4DD0-AB57-EE4554312319}.Release|Any CPU.Build.0 = Release|Any CPU
		{87CBFAAF-FD7F-436C-BE01-3491019530AA}.Debug|Any CPU.ActiveCfg = Debug
		{87CBFAAF-FD7F-436C-BE01-3491019530AA}.Release|Any CPU.ActiveCfg = Release
	EndGlobalSection
	GlobalSection(SolutionProperties) = preSolution
		HideSolutionNode = FALSE
	EndGlobalSection
	GlobalSection(ExtensibilityGlobals) = postSolution
		SolutionGuid = {26507E51-7A9E-4891-924C-AFB9D2707032}
	EndGlobalSection
EndGlobal
